
Microsoft Visual Studio Solution File, Format Version 12.00
# Visual Studio Version 17
VisualStudioVersion = 17.0.31903.59
MinimumVisualStudioVersion = 10.0.40219.1
Project("{FAE04EC0-301F-11D3-BF4B-00C04F79EFBC}") = "ThemeJournal.API", "ThemeJournal.API\ThemeJournal.API.csproj", "{1CF702B2-7C5A-487A-9581-51E5C8B49ACE}"
EndProject
Project("{FAE04EC0-301F-11D3-BF4B-00C04F79EFBC}") = "ThemeJournal.ServiceLibrary", "ThemeJournal.ServiceLibrary\ThemeJournal.ServiceLibrary.csproj", "{A4CC58AB-46EF-45E4-8688-B98D21F8E5F0}"
EndProject
Global
	GlobalSection(SolutionConfigurationPlatforms) = preSolution
		Debug|Any CPU = Debug|Any CPU
		Release|Any CPU = Release|Any CPU
	EndGlobalSection
	GlobalSection(SolutionProperties) = preSolution
		HideSolutionNode = FALSE
	EndGlobalSection
	GlobalSection(ProjectConfigurationPlatforms) = postSolution
		{1CF702B2-7C5A-487A-9581-51E5C8B49ACE}.Debug|Any CPU.ActiveCfg = Debug|Any CPU
		{1CF702B2-7C5A-487A-9581-51E5C8B49ACE}.Debug|Any CPU.Build.0 = Debug|Any CPU
		{1CF702B2-7C5A-487A-9581-51E5C8B49ACE}.Release|Any CPU.ActiveCfg = Release|Any CPU
		{1CF702B2-7C5A-487A-9581-51E5C8B49ACE}.Release|Any CPU.Build.0 = Release|Any CPU
		{A4CC58AB-46EF-45E4-8688-B98D21F8E5F0}.Debug|Any CPU.ActiveCfg = Debug|Any CPU
		{A4CC58AB-46EF-45E4-8688-B98D21F8E5F0}.Debug|Any CPU.Build.0 = Debug|Any CPU
		{A4CC58AB-46EF-45E4-8688-B98D21F8E5F0}.Release|Any CPU.ActiveCfg = Release|Any CPU
		{A4CC58AB-46EF-45E4-8688-B98D21F8E5F0}.Release|Any CPU.Build.0 = Release|Any CPU
	EndGlobalSection
EndGlobal
